
Microsoft Visual Studio Solution File, Format Version 12.00
# Visual Studio 15
VisualStudioVersion = 15.0.27130.0
MinimumVisualStudioVersion = 10.0.40219.1
Project("{2150E333-8FDC-42A3-9474-1A3956D46DE8}") = "Library", "Library", "{2F0FD154-96F9-4AA4-A9E6-460CDE63E7A8}"
EndProject
Project("{8BC9CEB8-8B4A-11D0-8D11-00A0C91BC942}") = "OpenGLESApp1.Shared", "OpenGLESApp1\OpenGLESApp1.Shared\OpenGLESApp1.Shared.vcxitems", "{B928FF02-2E96-4281-AA6E-119DC5E626FD}"
EndProject
Project("{8BC9CEB8-8B4A-11D0-8D11-00A0C91BC942}") = "OpenGLESApp1.Android.StaticLibrary", "OpenGLESApp1\OpenGLESApp1.Android.StaticLibrary\OpenGLESApp1.Android.StaticLibrary.vcxproj", "{390227DA-6150-446E-8BEB-C012C91DFDA3}"
EndProject
Project("{8BC9CEB8-8B4A-11D0-8D11-00A0C91BC942}") = "OpenGLESApp1.WindowsUniversal.StaticLibrary", "OpenGLESApp1\OpenGLESApp1.WindowsUniversal.StaticLibrary\OpenGLESApp1.WindowsUniversal.StaticLibrary.vcxproj", "{D1738BBF-8D59-4137-AC18-F1F2C9230C4A}"
EndProject
Project("{2150E333-8FDC-42A3-9474-1A3956D46DE8}") = "OpenGLESApp1.Android.Application", "OpenGLESApp1.Android.Application", "{C494D9EB-5A9E-4D39-AB2D-B589C877AA2E}"
EndProject
Project("{8BC9CEB8-8B4A-11D0-8D11-00A0C91BC942}") = "OpenGLESApp1.Android.NativeActivity", "OpenGLESApp1\OpenGLESApp1.Android.NativeActivity\OpenGLESApp1.Android.NativeActivity.vcxproj", "{51A89CE7-A014-4118-9C5A-63937C2C72E8}"
EndProject
Project("{39E2626F-3545-4960-A6E8-258AD8476CE5}") = "Singularity Gear Squad", "OpenGLESApp1\OpenGLESApp1.Android.Application\Singularity Gear Squad.androidproj", "{30E720C8-A908-4D74-92E1-2EE7F6E64FAA}"
EndProject
Project("{8BC9CEB8-8B4A-11D0-8D11-00A0C91BC942}") = "OpenGLESApp1.WindowsUniversal.Application", "OpenGLESApp1\OpenGLESApp1.WindowsUniversal.Application\OpenGLESApp1.WindowsUniversal.Application.vcxproj", "{7861D89E-5A21-40A6-B937-9F768E5DDA51}"
EndProject
Project("{8BC9CEB8-8B4A-11D0-8D11-00A0C91BC942}") = "OpenGLESApp1.iOS.Application", "OpenGLESApp1\OpenGLESApp1.iOS.Application\OpenGLESApp1.iOS.Application.xcodeproj\project.pbxproj", "{A85E8E0A-4FFE-4EAC-8748-45EC3060F5F0}"
EndProject
Project("{8BC9CEB8-8B4A-11D0-8D11-00A0C91BC942}") = "OpenGLESApp1.iOS.StaticLibrary", "OpenGLESApp1\OpenGLESApp1.iOS.StaticLibrary\OpenGLESApp1.iOS.StaticLibrary.vcxproj", "{AB5D980D-1EC5-4A99-85C9-F79DD05BA0BB}"
EndProject
Project("{2150E333-8FDC-42A3-9474-1A3956D46DE8}") = "Application", "Application", "{BCC1EB7F-01D7-4D62-B750-F32C66555CDB}"
EndProject
Global
	GlobalSection(SharedMSBuildProjectFiles) = preSolution
		OpenGLESApp1\OpenGLESApp1.Shared\OpenGLESApp1.Shared.vcxitems*{ab5d980d-1ec5-4a99-85c9-f79dd05ba0bb}*SharedItemsImports = 4
		OpenGLESApp1\OpenGLESApp1.Shared\OpenGLESApp1.Shared.vcxitems*{b928ff02-2e96-4281-aa6e-119dc5e626fd}*SharedItemsImports = 9
		OpenGLESApp1\OpenGLESApp1.Shared\OpenGLESApp1.Shared.vcxitems*{d1738bbf-8d59-4137-ac18-f1f2c9230c4a}*SharedItemsImports = 4
	EndGlobalSection
	GlobalSection(SolutionConfigurationPlatforms) = preSolution
		Debug|ARM = Debug|ARM
		Debug|ARM64 = Debug|ARM64
		Debug|x64 = Debug|x64
		Debug|x86 = Debug|x86
		MinSizeRel|ARM = MinSizeRel|ARM
		MinSizeRel|ARM64 = MinSizeRel|ARM64
		MinSizeRel|x64 = MinSizeRel|x64
		MinSizeRel|x86 = MinSizeRel|x86
		Release|ARM = Release|ARM
		Release|ARM64 = Release|ARM64
		Release|x64 = Release|x64
		Release|x86 = Release|x86
		RelWithDebInfo|ARM = RelWithDebInfo|ARM
		RelWithDebInfo|ARM64 = RelWithDebInfo|ARM64
		RelWithDebInfo|x64 = RelWithDebInfo|x64
		RelWithDebInfo|x86 = RelWithDebInfo|x86
	EndGlobalSection
	GlobalSection(ProjectConfigurationPlatforms) = postSolution
		{390227DA-6150-446E-8BEB-C012C91DFDA3}.Debug|ARM.ActiveCfg = Debug|ARM
		{390227DA-6150-446E-8BEB-C012C91DFDA3}.Debug|ARM.Build.0 = Debug|ARM
		{390227DA-6150-446E-8BEB-C012C91DFDA3}.Debug|ARM64.ActiveCfg = Debug|x86
		{390227DA-6150-446E-8BEB-C012C91DFDA3}.Debug|x64.ActiveCfg = Debug|x86
		{390227DA-6150-446E-8BEB-C012C91DFDA3}.Debug|x86.ActiveCfg = Debug|x86
		{390227DA-6150-446E-8BEB-C012C91DFDA3}.Debug|x86.Build.0 = Debug|x86
		{390227DA-6150-446E-8BEB-C012C91DFDA3}.MinSizeRel|ARM.ActiveCfg = Release|ARM
		{390227DA-6150-446E-8BEB-C012C91DFDA3}.MinSizeRel|ARM64.ActiveCfg = Release|x86
		{390227DA-6150-446E-8BEB-C012C91DFDA3}.MinSizeRel|x64.ActiveCfg = Release|x86
		{390227DA-6150-446E-8BEB-C012C91DFDA3}.MinSizeRel|x86.ActiveCfg = Release|x86
		{390227DA-6150-446E-8BEB-C012C91DFDA3}.Release|ARM.ActiveCfg = Release|ARM
		{390227DA-6150-446E-8BEB-C012C91DFDA3}.Release|ARM.Build.0 = Release|ARM
		{390227DA-6150-446E-8BEB-C012C91DFDA3}.Release|ARM64.ActiveCfg = Release|x86
		{390227DA-6150-446E-8BEB-C012C91DFDA3}.Release|x64.ActiveCfg = Release|x86
		{390227DA-6150-446E-8BEB-C012C91DFDA3}.Release|x86.ActiveCfg = Release|x86
		{390227DA-6150-446E-8BEB-C012C91DFDA3}.Release|x86.Build.0 = Release|x86
		{390227DA-6150-446E-8BEB-C012C91DFDA3}.RelWithDebInfo|ARM.ActiveCfg = Release|ARM
		{390227DA-6150-446E-8BEB-C012C91DFDA3}.RelWithDebInfo|ARM64.ActiveCfg = Release|x86
		{390227DA-6150-446E-8BEB-C012C91DFDA3}.RelWithDebInfo|x64.ActiveCfg = Release|x86
		{390227DA-6150-446E-8BEB-C012C91DFDA3}.RelWithDebInfo|x86.ActiveCfg = Release|x86
		{D1738BBF-8D59-4137-AC18-F1F2C9230C4A}.Debug|ARM.ActiveCfg = Debug|ARM
		{D1738BBF-8D59-4137-AC18-F1F2C9230C4A}.Debug|ARM.Build.0 = Debug|ARM
		{D1738BBF-8D59-4137-AC18-F1F2C9230C4A}.Debug|ARM64.ActiveCfg = Debug|Win32
		{D1738BBF-8D59-4137-AC18-F1F2C9230C4A}.Debug|x64.ActiveCfg = Debug|x64
		{D1738BBF-8D59-4137-AC18-F1F2C9230C4A}.Debug|x64.Build.0 = Debug|x64
		{D1738BBF-8D59-4137-AC18-F1F2C9230C4A}.Debug|x86.ActiveCfg = Debug|Win32
		{D1738BBF-8D59-4137-AC18-F1F2C9230C4A}.Debug|x86.Build.0 = Debug|Win32
		{D1738BBF-8D59-4137-AC18-F1F2C9230C4A}.MinSizeRel|ARM.ActiveCfg = Release|ARM
		{D1738BBF-8D59-4137-AC18-F1F2C9230C4A}.MinSizeRel|ARM.Build.0 = Release|ARM
		{D1738BBF-8D59-4137-AC18-F1F2C9230C4A}.MinSizeRel|ARM64.ActiveCfg = Release|x64
		{D1738BBF-8D59-4137-AC18-F1F2C9230C4A}.MinSizeRel|ARM64.Build.0 = Release|x64
		{D1738BBF-8D59-4137-AC18-F1F2C9230C4A}.MinSizeRel|x64.ActiveCfg = Release|x64
		{D1738BBF-8D59-4137-AC18-F1F2C9230C4A}.MinSizeRel|x64.Build.0 = Release|x64
		{D1738BBF-8D59-4137-AC18-F1F2C9230C4A}.MinSizeRel|x86.ActiveCfg = Release|Win32
		{D1738BBF-8D59-4137-AC18-F1F2C9230C4A}.MinSizeRel|x86.Build.0 = Release|Win32
		{D1738BBF-8D59-4137-AC18-F1F2C9230C4A}.Release|ARM.ActiveCfg = Release|ARM
		{D1738BBF-8D59-4137-AC18-F1F2C9230C4A}.Release|ARM.Build.0 = Release|ARM
		{D1738BBF-8D59-4137-AC18-F1F2C9230C4A}.Release|ARM64.ActiveCfg = Release|Win32
		{D1738BBF-8D59-4137-AC18-F1F2C9230C4A}.Release|x64.ActiveCfg = Release|x64
		{D1738BBF-8D59-4137-AC18-F1F2C9230C4A}.Release|x64.Build.0 = Release|x64
		{D1738BBF-8D59-4137-AC18-F1F2C9230C4A}.Release|x86.ActiveCfg = Release|Win32
		{D1738BBF-8D59-4137-AC18-F1F2C9230C4A}.Release|x86.Build.0 = Release|Win32
		{D1738BBF-8D59-4137-AC18-F1F2C9230C4A}.RelWithDebInfo|ARM.ActiveCfg = Release|ARM
		{D1738BBF-8D59-4137-AC18-F1F2C9230C4A}.RelWithDebInfo|ARM.Build.0 = Release|ARM
		{D1738BBF-8D59-4137-AC18-F1F2C9230C4A}.RelWithDebInfo|ARM64.ActiveCfg = Release|x64
		{D1738BBF-8D59-4137-AC18-F1F2C9230C4A}.RelWithDebInfo|ARM64.Build.0 = Release|x64
		{D1738BBF-8D59-4137-AC18-F1F2C9230C4A}.RelWithDebInfo|x64.ActiveCfg = Release|x64
		{D1738BBF-8D59-4137-AC18-F1F2C9230C4A}.RelWithDebInfo|x64.Build.0 = Release|x64
		{D1738BBF-8D59-4137-AC18-F1F2C9230C4A}.RelWithDebInfo|x86.ActiveCfg = Release|Win32
		{D1738BBF-8D59-4137-AC18-F1F2C9230C4A}.RelWithDebInfo|x86.Build.0 = Release|Win32
		{51A89CE7-A014-4118-9C5A-63937C2C72E8}.Debug|ARM.ActiveCfg = Debug|ARM
		{51A89CE7-A014-4118-9C5A-63937C2C72E8}.Debug|ARM.Build.0 = Debug|ARM
		{51A89CE7-A014-4118-9C5A-63937C2C72E8}.Debug|ARM64.ActiveCfg = Debug|x86
		{51A89CE7-A014-4118-9C5A-63937C2C72E8}.Debug|x64.ActiveCfg = Debug|x86
		{51A89CE7-A014-4118-9C5A-63937C2C72E8}.Debug|x86.ActiveCfg = Debug|x86
		{51A89CE7-A014-4118-9C5A-63937C2C72E8}.Debug|x86.Build.0 = Debug|x86
		{51A89CE7-A014-4118-9C5A-63937C2C72E8}.MinSizeRel|ARM.ActiveCfg = Release|ARM
		{51A89CE7-A014-4118-9C5A-63937C2C72E8}.MinSizeRel|ARM64.ActiveCfg = Release|x86
		{51A89CE7-A014-4118-9C5A-63937C2C72E8}.MinSizeRel|x64.ActiveCfg = Release|x86
		{51A89CE7-A014-4118-9C5A-63937C2C72E8}.MinSizeRel|x86.ActiveCfg = Release|x86
		{51A89CE7-A014-4118-9C5A-63937C2C72E8}.Release|ARM.ActiveCfg = Release|ARM
		{51A89CE7-A014-4118-9C5A-63937C2C72E8}.Release|ARM.Build.0 = Release|ARM
		{51A89CE7-A014-4118-9C5A-63937C2C72E8}.Release|ARM64.ActiveCfg = Release|x86
		{51A89CE7-A014-4118-9C5A-63937C2C72E8}.Release|x64.ActiveCfg = Release|x86
		{51A89CE7-A014-4118-9C5A-63937C2C72E8}.Release|x86.ActiveCfg = Release|x86
		{51A89CE7-A014-4118-9C5A-63937C2C72E8}.Release|x86.Build.0 = Release|x86
		{51A89CE7-A014-4118-9C5A-63937C2C72E8}.RelWithDebInfo|ARM.ActiveCfg = Release|ARM
		{51A89CE7-A014-4118-9C5A-63937C2C72E8}.RelWithDebInfo|ARM64.ActiveCfg = Release|x86
		{51A89CE7-A014-4118-9C5A-63937C2C72E8}.RelWithDebInfo|x64.ActiveCfg = Release|x86
		{51A89CE7-A014-4118-9C5A-63937C2C72E8}.RelWithDebInfo|x86.ActiveCfg = Release|x86
		{30E720C8-A908-4D74-92E1-2EE7F6E64FAA}.Debug|ARM.ActiveCfg = Debug|ARM
		{30E720C8-A908-4D74-92E1-2EE7F6E64FAA}.Debug|ARM.Build.0 = Debug|ARM
		{30E720C8-A908-4D74-92E1-2EE7F6E64FAA}.Debug|ARM.Deploy.0 = Debug|ARM
		{30E720C8-A908-4D74-92E1-2EE7F6E64FAA}.Debug|ARM64.ActiveCfg = Debug|x86
		{30E720C8-A908-4D74-92E1-2EE7F6E64FAA}.Debug|x64.ActiveCfg = Debug|x86
		{30E720C8-A908-4D74-92E1-2EE7F6E64FAA}.Debug|x86.ActiveCfg = Debug|x86
		{30E720C8-A908-4D74-92E1-2EE7F6E64FAA}.Debug|x86.Build.0 = Debug|x86
		{30E720C8-A908-4D74-92E1-2EE7F6E64FAA}.Debug|x86.Deploy.0 = Debug|x86
		{30E720C8-A908-4D74-92E1-2EE7F6E64FAA}.MinSizeRel|ARM.ActiveCfg = Release|ARM
		{30E720C8-A908-4D74-92E1-2EE7F6E64FAA}.MinSizeRel|ARM64.ActiveCfg = Release|x86
		{30E720C8-A908-4D74-92E1-2EE7F6E64FAA}.MinSizeRel|x64.ActiveCfg = Release|x86
		{30E720C8-A908-4D74-92E1-2EE7F6E64FAA}.MinSizeRel|x86.ActiveCfg = Release|x86
		{30E720C8-A908-4D74-92E1-2EE7F6E64FAA}.Release|ARM.ActiveCfg = Release|ARM
		{30E720C8-A908-4D74-92E1-2EE7F6E64FAA}.Release|ARM.Build.0 = Release|ARM
		{30E720C8-A908-4D74-92E1-2EE7F6E64FAA}.Release|ARM.Deploy.0 = Release|ARM
		{30E720C8-A908-4D74-92E1-2EE7F6E64FAA}.Release|ARM64.ActiveCfg = Release|x86
		{30E720C8-A908-4D74-92E1-2EE7F6E64FAA}.Release|x64.ActiveCfg = Release|x86
		{30E720C8-A908-4D74-92E1-2EE7F6E64FAA}.Release|x86.ActiveCfg = Release|x86
		{30E720C8-A908-4D74-92E1-2EE7F6E64FAA}.Release|x86.Build.0 = Release|x86
		{30E720C8-A908-4D74-92E1-2EE7F6E64FAA}.Release|x86.Deploy.0 = Release|x86
		{30E720C8-A908-4D74-92E1-2EE7F6E64FAA}.RelWithDebInfo|ARM.ActiveCfg = Release|ARM
		{30E720C8-A908-4D74-92E1-2EE7F6E64FAA}.RelWithDebInfo|ARM64.ActiveCfg = Release|x86
		{30E720C8-A908-4D74-92E1-2EE7F6E64FAA}.RelWithDebInfo|x64.ActiveCfg = Release|x86
		{30E720C8-A908-4D74-92E1-2EE7F6E64FAA}.RelWithDebInfo|x86.ActiveCfg = Release|x86
		{7861D89E-5A21-40A6-B937-9F768E5DDA51}.Debug|ARM.ActiveCfg = Debug|ARM
		{7861D89E-5A21-40A6-B937-9F768E5DDA51}.Debug|ARM.Build.0 = Debug|ARM
		{7861D89E-5A21-40A6-B937-9F768E5DDA51}.Debug|ARM.Deploy.0 = Debug|ARM
		{7861D89E-5A21-40A6-B937-9F768E5DDA51}.Debug|ARM64.ActiveCfg = Debug|Win32
		{7861D89E-5A21-40A6-B937-9F768E5DDA51}.Debug|x64.ActiveCfg = Debug|x64
		{7861D89E-5A21-40A6-B937-9F768E5DDA51}.Debug|x64.Build.0 = Debug|x64
		{7861D89E-5A21-40A6-B937-9F768E5DDA51}.Debug|x64.Deploy.0 = Debug|x64
		{7861D89E-5A21-40A6-B937-9F768E5DDA51}.Debug|x86.ActiveCfg = Debug|Win32
		{7861D89E-5A21-40A6-B937-9F768E5DDA51}.Debug|x86.Build.0 = Debug|Win32
		{7861D89E-5A21-40A6-B937-9F768E5DDA51}.Debug|x86.Deploy.0 = Debug|Win32
		{7861D89E-5A21-40A6-B937-9F768E5DDA51}.MinSizeRel|ARM.ActiveCfg = Release|ARM
		{7861D89E-5A21-40A6-B937-9F768E5DDA51}.MinSizeRel|ARM.Build.0 = Release|ARM
		{7861D89E-5A21-40A6-B937-9F768E5DDA51}.MinSizeRel|ARM.Deploy.0 = Release|ARM
		{7861D89E-5A21-40A6-B937-9F768E5DDA51}.MinSizeRel|ARM64.ActiveCfg = Release|x64
		{7861D89E-5A21-40A6-B937-9F768E5DDA51}.MinSizeRel|ARM64.Build.0 = Release|x64
		{7861D89E-5A21-40A6-B937-9F768E5DDA51}.MinSizeRel|ARM64.Deploy.0 = Release|x64
		{7861D89E-5A21-40A6-B937-9F768E5DDA51}.MinSizeRel|x64.ActiveCfg = Release|x64
		{7861D89E-5A21-40A6-B937-9F768E5DDA51}.MinSizeRel|x64.Build.0 = Release|x64
		{7861D89E-5A21-40A6-B937-9F768E5DDA51}.MinSizeRel|x64.Deploy.0 = Release|x64
		{7861D89E-5A21-40A6-B937-9F768E5DDA51}.MinSizeRel|x86.ActiveCfg = Release|Win32
		{7861D89E-5A21-40A6-B937-9F768E5DDA51}.MinSizeRel|x86.Build.0 = Release|Win32
		{7861D89E-5A21-40A6-B937-9F768E5DDA51}.MinSizeRel|x86.Deploy.0 = Release|Win32
		{7861D89E-5A21-40A6-B937-9F768E5DDA51}.Release|ARM.ActiveCfg = Release|ARM
		{7861D89E-5A21-40A6-B937-9F768E5DDA51}.Release|ARM.Build.0 = Release|ARM
		{7861D89E-5A21-40A6-B937-9F768E5DDA51}.Release|ARM.Deploy.0 = Release|ARM
		{7861D89E-5A21-40A6-B937-9F768E5DDA51}.Release|ARM64.ActiveCfg = Release|Win32
		{7861D89E-5A21-40A6-B937-9F768E5DDA51}.Release|x64.ActiveCfg = Release|x64
		{7861D89E-5A21-40A6-B937-9F768E5DDA51}.Release|x64.Build.0 = Release|x64
		{7861D89E-5A21-40A6-B937-9F768E5DDA51}.Release|x64.Deploy.0 = Release|x64
		{7861D89E-5A21-40A6-B937-9F768E5DDA51}.Release|x86.ActiveCfg = Release|Win32
		{7861D89E-5A21-40A6-B937-9F768E5DDA51}.Release|x86.Build.0 = Release|Win32
		{7861D89E-5A21-40A6-B937-9F768E5DDA51}.Release|x86.Deploy.0 = Release|Win32
		{7861D89E-5A21-40A6-B937-9F768E5DDA51}.RelWithDebInfo|ARM.ActiveCfg = Release|ARM
		{7861D89E-5A21-40A6-B937-9F768E5DDA51}.RelWithDebInfo|ARM.Build.0 = Release|ARM
		{7861D89E-5A21-40A6-B937-9F768E5DDA51}.RelWithDebInfo|ARM.Deploy.0 = Release|ARM
		{7861D89E-5A21-40A6-B937-9F768E5DDA51}.RelWithDebInfo|ARM64.ActiveCfg = Release|x64
		{7861D89E-5A21-40A6-B937-9F768E5DDA51}.RelWithDebInfo|ARM64.Build.0 = Release|x64
		{7861D89E-5A21-40A6-B937-9F768E5DDA51}.RelWithDebInfo|ARM64.Deploy.0 = Release|x64
		{7861D89E-5A21-40A6-B937-9F768E5DDA51}.RelWithDebInfo|x64.ActiveCfg = Release|x64
		{7861D89E-5A21-40A6-B937-9F768E5DDA51}.RelWithDebInfo|x64.Build.0 = Release|x64
		{7861D89E-5A21-40A6-B937-9F768E5DDA51}.RelWithDebInfo|x64.Deploy.0 = Release|x64
		{7861D89E-5A21-40A6-B937-9F768E5DDA51}.RelWithDebInfo|x86.ActiveCfg = Release|Win32
		{7861D89E-5A21-40A6-B937-9F768E5DDA51}.RelWithDebInfo|x86.Build.0 = Release|Win32
		{7861D89E-5A21-40A6-B937-9F768E5DDA51}.RelWithDebInfo|x86.Deploy.0 = Release|Win32
		{A85E8E0A-4FFE-4EAC-8748-45EC3060F5F0}.Debug|ARM.ActiveCfg = Debug|ARM
		{A85E8E0A-4FFE-4EAC-8748-45EC3060F5F0}.Debug|ARM.Build.0 = Debug|ARM
		{A85E8E0A-4FFE-4EAC-8748-45EC3060F5F0}.Debug|ARM.Deploy.0 = Debug|ARM
		{A85E8E0A-4FFE-4EAC-8748-45EC3060F5F0}.Debug|ARM64.ActiveCfg = Debug|ARM64
		{A85E8E0A-4FFE-4EAC-8748-45EC3060F5F0}.Debug|ARM64.Build.0 = Debug|ARM64
		{A85E8E0A-4FFE-4EAC-8748-45EC3060F5F0}.Debug|ARM64.Deploy.0 = Debug|ARM64
		{A85E8E0A-4FFE-4EAC-8748-45EC3060F5F0}.Debug|x64.ActiveCfg = Debug|x64
		{A85E8E0A-4FFE-4EAC-8748-45EC3060F5F0}.Debug|x64.Build.0 = Debug|x64
		{A85E8E0A-4FFE-4EAC-8748-45EC3060F5F0}.Debug|x64.Deploy.0 = Debug|x64
		{A85E8E0A-4FFE-4EAC-8748-45EC3060F5F0}.Debug|x86.ActiveCfg = Debug|x86
		{A85E8E0A-4FFE-4EAC-8748-45EC3060F5F0}.Debug|x86.Build.0 = Debug|x86
		{A85E8E0A-4FFE-4EAC-8748-45EC3060F5F0}.Debug|x86.Deploy.0 = Debug|x86
		{A85E8E0A-4FFE-4EAC-8748-45EC3060F5F0}.MinSizeRel|ARM.ActiveCfg = Release|ARM
		{A85E8E0A-4FFE-4EAC-8748-45EC3060F5F0}.MinSizeRel|ARM.Build.0 = Release|ARM
		{A85E8E0A-4FFE-4EAC-8748-45EC3060F5F0}.MinSizeRel|ARM.Deploy.0 = Release|ARM
		{A85E8E0A-4FFE-4EAC-8748-45EC3060F5F0}.MinSizeRel|ARM64.ActiveCfg = Release|ARM64
		{A85E8E0A-4FFE-4EAC-8748-45EC3060F5F0}.MinSizeRel|ARM64.Build.0 = Release|ARM64
		{A85E8E0A-4FFE-4EAC-8748-45EC3060F5F0}.MinSizeRel|ARM64.Deploy.0 = Release|ARM64
		{A85E8E0A-4FFE-4EAC-8748-45EC3060F5F0}.MinSizeRel|x64.ActiveCfg = Release|x64
		{A85E8E0A-4FFE-4EAC-8748-45EC3060F5F0}.MinSizeRel|x64.Build.0 = Release|x64
		{A85E8E0A-4FFE-4EAC-8748-45EC3060F5F0}.MinSizeRel|x64.Deploy.0 = Release|x64
		{A85E8E0A-4FFE-4EAC-8748-45EC3060F5F0}.MinSizeRel|x86.ActiveCfg = Release|x86
		{A85E8E0A-4FFE-4EAC-8748-45EC3060F5F0}.MinSizeRel|x86.Build.0 = Release|x86
		{A85E8E0A-4FFE-4EAC-8748-45EC3060F5F0}.MinSizeRel|x86.Deploy.0 = Release|x86
		{A85E8E0A-4FFE-4EAC-8748-45EC3060F5F0}.Release|ARM.ActiveCfg = Release|ARM
		{A85E8E0A-4FFE-4EAC-8748-45EC3060F5F0}.Release|ARM.Build.0 = Release|ARM
		{A85E8E0A-4FFE-4EAC-8748-45EC3060F5F0}.Release|ARM.Deploy.0 = Release|ARM
		{A85E8E0A-4FFE-4EAC-8748-45EC3060F5F0}.Release|ARM64.ActiveCfg = Release|ARM64
		{A85E8E0A-4FFE-4EAC-8748-45EC3060F5F0}.Release|ARM64.Build.0 = Release|ARM64
		{A85E8E0A-4FFE-4EAC-8748-45EC3060F5F0}.Release|ARM64.Deploy.0 = Release|ARM64
		{A85E8E0A-4FFE-4EAC-8748-45EC3060F5F0}.Release|x64.ActiveCfg = Release|x64
		{A85E8E0A-4FFE-4EAC-8748-45EC3060F5F0}.Release|x64.Build.0 = Release|x64
		{A85E8E0A-4FFE-4EAC-8748-45EC3060F5F0}.Release|x64.Deploy.0 = Release|x64
		{A85E8E0A-4FFE-4EAC-8748-45EC3060F5F0}.Release|x86.ActiveCfg = Release|x86
		{A85E8E0A-4FFE-4EAC-8748-45EC3060F5F0}.Release|x86.Build.0 = Release|x86
		{A85E8E0A-4FFE-4EAC-8748-45EC3060F5F0}.Release|x86.Deploy.0 = Release|x86
		{A85E8E0A-4FFE-4EAC-8748-45EC3060F5F0}.RelWithDebInfo|ARM.ActiveCfg = Release|ARM
		{A85E8E0A-4FFE-4EAC-8748-45EC3060F5F0}.RelWithDebInfo|ARM.Build.0 = Release|ARM
		{A85E8E0A-4FFE-4EAC-8748-45EC3060F5F0}.RelWithDebInfo|ARM.Deploy.0 = Release|ARM
		{A85E8E0A-4FFE-4EAC-8748-45EC3060F5F0}.RelWithDebInfo|ARM64.ActiveCfg = Release|ARM64
		{A85E8E0A-4FFE-4EAC-8748-45EC3060F5F0}.RelWithDebInfo|ARM64.Build.0 = Release|ARM64
		{A85E8E0A-4FFE-4EAC-8748-45EC3060F5F0}.RelWithDebInfo|ARM64.Deploy.0 = Release|ARM64
		{A85E8E0A-4FFE-4EAC-8748-45EC3060F5F0}.RelWithDebInfo|x64.ActiveCfg = Release|x64
		{A85E8E0A-4FFE-4EAC-8748-45EC3060F5F0}.RelWithDebInfo|x64.Build.0 = Release|x64
		{A85E8E0A-4FFE-4EAC-8748-45EC3060F5F0}.RelWithDebInfo|x64.Deploy.0 = Release|x64
		{A85E8E0A-4FFE-4EAC-8748-45EC3060F5F0}.RelWithDebInfo|x86.ActiveCfg = Release|x86
		{A85E8E0A-4FFE-4EAC-8748-45EC3060F5F0}.RelWithDebInfo|x86.Build.0 = Release|x86
		{A85E8E0A-4FFE-4EAC-8748-45EC3060F5F0}.RelWithDebInfo|x86.Deploy.0 = Release|x86
		{AB5D980D-1EC5-4A99-85C9-F79DD05BA0BB}.Debug|ARM.ActiveCfg = Debug|ARM
		{AB5D980D-1EC5-4A99-85C9-F79DD05BA0BB}.Debug|ARM.Build.0 = Debug|ARM
		{AB5D980D-1EC5-4A99-85C9-F79DD05BA0BB}.Debug|ARM64.ActiveCfg = Debug|ARM64
		{AB5D980D-1EC5-4A99-85C9-F79DD05BA0BB}.Debug|ARM64.Build.0 = Debug|ARM64
		{AB5D980D-1EC5-4A99-85C9-F79DD05BA0BB}.Debug|x64.ActiveCfg = Debug|x64
		{AB5D980D-1EC5-4A99-85C9-F79DD05BA0BB}.Debug|x64.Build.0 = Debug|x64
		{AB5D980D-1EC5-4A99-85C9-F79DD05BA0BB}.Debug|x86.ActiveCfg = Debug|x86
		{AB5D980D-1EC5-4A99-85C9-F79DD05BA0BB}.Debug|x86.Build.0 = Debug|x86
		{AB5D980D-1EC5-4A99-85C9-F79DD05BA0BB}.MinSizeRel|ARM.ActiveCfg = Release|ARM
		{AB5D980D-1EC5-4A99-85C9-F79DD05BA0BB}.MinSizeRel|ARM.Build.0 = Release|ARM
		{AB5D980D-1EC5-4A99-85C9-F79DD05BA0BB}.MinSizeRel|ARM64.ActiveCfg = Release|ARM64
		{AB5D980D-1EC5-4A99-85C9-F79DD05BA0BB}.MinSizeRel|ARM64.Build.0 = Release|ARM64
		{AB5D980D-1EC5-4A99-85C9-F79DD05BA0BB}.MinSizeRel|x64.ActiveCfg = Release|x64
		{AB5D980D-1EC5-4A99-85C9-F79DD05BA0BB}.MinSizeRel|x64.Build.0 = Release|x64
		{AB5D980D-1EC5-4A99-85C9-F79DD05BA0BB}.MinSizeRel|x86.ActiveCfg = Release|x86
		{AB5D980D-1EC5-4A99-85C9-F79DD05BA0BB}.MinSizeRel|x86.Build.0 = Release|x86
		{AB5D980D-1EC5-4A99-85C9-F79DD05BA0BB}.Release|ARM.ActiveCfg = Release|ARM
		{AB5D980D-1EC5-4A99-85C9-F79DD05BA0BB}.Release|ARM.Build.0 = Release|ARM
		{AB5D980D-1EC5-4A99-85C9-F79DD05BA0BB}.Release|ARM64.ActiveCfg = Release|ARM64
		{AB5D980D-1EC5-4A99-85C9-F79DD05BA0BB}.Release|ARM64.Build.0 = Release|ARM64
		{AB5D980D-1EC5-4A99-85C9-F79DD05BA0BB}.Release|x64.ActiveCfg = Release|x64
		{AB5D980D-1EC5-4A99-85C9-F79DD05BA0BB}.Release|x64.Build.0 = Release|x64
		{AB5D980D-1EC5-4A99-85C9-F79DD05BA0BB}.Release|x86.ActiveCfg = Release|x86
		{AB5D980D-1EC5-4A99-85C9-F79DD05BA0BB}.Release|x86.Build.0 = Release|x86
		{AB5D980D-1EC5-4A99-85C9-F79DD05BA0BB}.RelWithDebInfo|ARM.ActiveCfg = Release|ARM
		{AB5D980D-1EC5-4A99-85C9-F79DD05BA0BB}.RelWithDebInfo|ARM.Build.0 = Release|ARM
		{AB5D980D-1EC5-4A99-85C9-F79DD05BA0BB}.RelWithDebInfo|ARM64.ActiveCfg = Release|ARM64
		{AB5D980D-1EC5-4A99-85C9-F79DD05BA0BB}.RelWithDebInfo|ARM64.Build.0 = Release|ARM64
		{AB5D980D-1EC5-4A99-85C9-F79DD05BA0BB}.RelWithDebInfo|x64.ActiveCfg = Release|x64
		{AB5D980D-1EC5-4A99-85C9-F79DD05BA0BB}.RelWithDebInfo|x64.Build.0 = Release|x64
		{AB5D980D-1EC5-4A99-85C9-F79DD05BA0BB}.RelWithDebInfo|x86.ActiveCfg = Release|x86
		{AB5D980D-1EC5-4A99-85C9-F79DD05BA0BB}.RelWithDebInfo|x86.Build.0 = Release|x86
	EndGlobalSection
	GlobalSection(SolutionProperties) = preSolution
		HideSolutionNode = FALSE
	EndGlobalSection
	GlobalSection(NestedProjects) = preSolution
		{B928FF02-2E96-4281-AA6E-119DC5E626FD} = {2F0FD154-96F9-4AA4-A9E6-460CDE63E7A8}
		{390227DA-6150-446E-8BEB-C012C91DFDA3} = {2F0FD154-96F9-4AA4-A9E6-460CDE63E7A8}
		{D1738BBF-8D59-4137-AC18-F1F2C9230C4A} = {2F0FD154-96F9-4AA4-A9E6-460CDE63E7A8}
		{C494D9EB-5A9E-4D39-AB2D-B589C877AA2E} = {BCC1EB7F-01D7-4D62-B750-F32C66555CDB}
		{51A89CE7-A014-4118-9C5A-63937C2C72E8} = {C494D9EB-5A9E-4D39-AB2D-B589C877AA2E}
		{30E720C8-A908-4D74-92E1-2EE7F6E64FAA} = {C494D9EB-5A9E-4D39-AB2D-B589C877AA2E}
		{7861D89E-5A21-40A6-B937-9F768E5DDA51} = {BCC1EB7F-01D7-4D62-B750-F32C66555CDB}
		{A85E8E0A-4FFE-4EAC-8748-45EC3060F5F0} = {BCC1EB7F-01D7-4D62-B750-F32C66555CDB}
		{AB5D980D-1EC5-4A99-85C9-F79DD05BA0BB} = {2F0FD154-96F9-4AA4-A9E6-460CDE63E7A8}
	EndGlobalSection
	GlobalSection(ExtensibilityGlobals) = postSolution
		SolutionGuid = {8EFFFDC3-0C90-472F-A63C-9965B4BE54A2}
	EndGlobalSection
EndGlobal
