{
	archiveVersion = 1;
	objectVersion = 46;
	classes = {
	};
	objects = {

/* Begin PBXBuildFile section */
		1A501B381FDA3F570055B682 = {
			isa = PBXBuildFile;
			fileRef = 1A501B371FDA3F570055B682;
		};
		1A501B3A1FDA3FD50055B682 = {
			isa = PBXBuildFile;
			fileRef = 1A501B391FDA3FD50055B682;
		};
		1A8A6CFC1FDADC2E00BA60D4 = {
			isa = PBXBuildFile;
			fileRef = 1A8A6CFB1FDADC2D00BA60D4;
		};
		1A8A6D0A1FDB01E100BA60D4 = {
			isa = PBXBuildFile;
			fileRef = 1A8A6D091FDB015200BA60D4;
		};
		9DC111901B2B501900AAD119 = {
			isa = PBXBuildFile;
			fileRef = 9DC1118F1B2B501900AAD119;
		};
		9DC111921B2B501F00AAD119 = {
			isa = PBXBuildFile;
			fileRef = 9DC111911B2B501F00AAD119;
		};
		9DC111941B2B502300AAD119 = {
			isa = PBXBuildFile;
			fileRef = 9DC111931B2B502300AAD119;
		};
		9dd32958c3bd434999d90aba = {
			isa = PBXBuildFile;
			fileRef = b8e19063740144f6bd461774;
		};
		D732ADFC1AD8974300D69854 = {
			isa = PBXBuildFile;
			fileRef = D732ADFB1AD8974300D69854;
		};
		D732AE0B1AD8974300D69854 = {
			isa = PBXBuildFile;
			fileRef = D732AE0A1AD8974300D69854;
		};
		D732AE2A1AD89BDB00D69854 = {
			isa = PBXBuildFile;
			fileRef = D732AE241AD89BDB00D69854;
		};
		D732AE2B1AD89BDB00D69854 = {
			isa = PBXBuildFile;
			fileRef = D732AE251AD89BDB00D69854;
		};
		D732AE2C1AD89BDB00D69854 = {
			isa = PBXBuildFile;
			fileRef = D732AE271AD89BDB00D69854;
		};
/* End PBXBuildFile section */

/* Begin PBXContainerItemProxy section */
		1A8A6D081FDB015200BA60D4 = {
			isa = PBXContainerItemProxy;
			containerPortal = 1A8A6D041FDB015100BA60D4;
			proxyType = 2;
			remoteGlobalIDString = 6f7e8921545e43db9bb0ada2;
			remoteInfo = OpenGLESApp1.iOS.StaticLibrary;
		};
/* End PBXContainerItemProxy section */

/* Begin PBXFileReference section */
		1A501B371FDA3F570055B682 = {
			isa = PBXFileReference;
			lastKnownFileType = wrapper.framework;
			name = AudioToolbox.framework;
			path = System/Library/Frameworks/AudioToolbox.framework;
			sourceTree = SDKROOT;
		};
		1A501B391FDA3FD50055B682 = {
			isa = PBXFileReference;
			lastKnownFileType = wrapper.framework;
			name = AVFoundation.framework;
			path = System/Library/Frameworks/AVFoundation.framework;
			sourceTree = SDKROOT;
		};
		1A8A6CFB1FDADC2D00BA60D4 = {
			isa = PBXFileReference;
			lastKnownFileType = folder;
			path = res;
			sourceTree = "<group>";
		};
		1A8A6D041FDB015100BA60D4 = {
			isa = PBXFileReference;
			lastKnownFileType = "wrapper.pb-project";
			name = OpenGLESApp1.iOS.StaticLibrary.xcodeproj;
			path = ../OpenGLESApp1.iOS.StaticLibrary/x64/Debug/OpenGLESApp1.iOS.StaticLibrary.xcodeproj;
			sourceTree = "<group>";
		};
		42abb8d3e7a44665b003a81b = {
			isa = PBXFileReference;
			lastKnownFileType = sourcecode.c.h;
			path = utilities.h;
			sourceTree = SOURCE_ROOT;
		};
		9DC1118F1B2B501900AAD119 = {
			isa = PBXFileReference;
			lastKnownFileType = wrapper.framework;
			name = UIKit.framework;
			path = System/Library/Frameworks/UIKit.framework;
			sourceTree = SDKROOT;
		};
		9DC111911B2B501F00AAD119 = {
			isa = PBXFileReference;
			lastKnownFileType = wrapper.framework;
			name = GLKit.framework;
			path = System/Library/Frameworks/GLKit.framework;
			sourceTree = SDKROOT;
		};
		9DC111931B2B502300AAD119 = {
			isa = PBXFileReference;
			lastKnownFileType = wrapper.framework;
			name = OpenGLES.framework;
			path = System/Library/Frameworks/OpenGLES.framework;
			sourceTree = SDKROOT;
		};
		D732ADF61AD8974300D69854 = {
			isa = PBXFileReference;
			explicitFileType = wrapper.application;
			path = OpenGLESApp1.app;
			sourceTree = BUILT_PRODUCTS_DIR;
			includeInIndex = 0;
		};
		D732ADFB1AD8974300D69854 = {
			isa = PBXFileReference;
			lastKnownFileType = sourcecode.cpp.objcpp;
			path = main.mm;
			sourceTree = "<group>";
		};
		D732AE0A1AD8974300D69854 = {
			isa = PBXFileReference;
			lastKnownFileType = folder.assetcatalog;
			path = Images.xcassets;
			sourceTree = "<group>";
		};
		D732AE231AD89BDB00D69854 = {
			isa = PBXFileReference;
			fileEncoding = 4;
			lastKnownFileType = sourcecode.c.h;
			path = AppDelegate.h;
			sourceTree = "<group>";
		};
		D732AE241AD89BDB00D69854 = {
			isa = PBXFileReference;
			fileEncoding = 4;
			lastKnownFileType = sourcecode.cpp.objcpp;
			path = AppDelegate.mm;
			sourceTree = "<group>";
		};
		D732AE251AD89BDB00D69854 = {
			isa = PBXFileReference;
			lastKnownFileType = file.storyboard;
			name = Base;
			path = Base.lproj/Main.storyboard;
			sourceTree = "<group>";
		};
		D732AE261AD89BDB00D69854 = {
			isa = PBXFileReference;
			fileEncoding = 4;
			lastKnownFileType = sourcecode.c.h;
			path = GameViewController.h;
			sourceTree = "<group>";
		};
		D732AE271AD89BDB00D69854 = {
			isa = PBXFileReference;
			fileEncoding = 4;
			lastKnownFileType = sourcecode.cpp.objcpp;
			path = GameViewController.mm;
			sourceTree = "<group>";
		};
		D732AE291AD89BDB00D69854 = {
			isa = PBXFileReference;
			fileEncoding = 4;
			lastKnownFileType = text.xcconfig;
			path = ../vcreference.xcconfig;
			sourceTree = "<group>";
		};
		b8e19063740144f6bd461774 = {
			isa = PBXFileReference;
			lastKnownFileType = sourcecode.cpp.objcpp;
			path = utilities.mm;
			sourceTree = SOURCE_ROOT;
		};
/* End PBXFileReference section */

/* Begin PBXFrameworksBuildPhase section */
		D732ADF31AD8974300D69854 = {
			isa = PBXFrameworksBuildPhase;
			files = (
				1A8A6D0A1FDB01E100BA60D4,
				1A501B3A1FDA3FD50055B682,
				1A501B381FDA3F570055B682,
				9DC111941B2B502300AAD119,
				9DC111921B2B501F00AAD119,
				9DC111901B2B501900AAD119,
			);
			buildActionMask = 2147483647;
			runOnlyForDeploymentPostprocessing = 0;
		};
/* End PBXFrameworksBuildPhase section */

/* Begin PBXGroup section */
		1A501B361FDA3F570055B682 = {
			isa = PBXGroup;
			name = Frameworks;
			sourceTree = "<group>";
			children = (
				1A501B391FDA3FD50055B682,
				1A501B371FDA3F570055B682,
			);
		};
		1A8A6D051FDB015100BA60D4 = {
			isa = PBXGroup;
			name = Products;
			sourceTree = "<group>";
			children = (
				1A8A6D091FDB015200BA60D4,
			);
		};
		1a0337ef53644fd698becf45 = {
			isa = PBXGroup;
			name = NewFilter1;
			sourceTree = "<group>";
			children = (
			);
		};
		D732ADED1AD8974300D69854 = {
			isa = PBXGroup;
			sourceTree = "<group>";
			children = (
				1A8A6D041FDB015100BA60D4,
				1A8A6CFB1FDADC2D00BA60D4,
				9DC111931B2B502300AAD119,
				9DC111911B2B501F00AAD119,
				9DC1118F1B2B501900AAD119,
				D732ADF81AD8974300D69854,
				D732ADF71AD8974300D69854,
				1A501B361FDA3F570055B682,
				c997ec1a294b4f7ba7a09d44,
				1a0337ef53644fd698becf45,
			);
		};
		D732ADF71AD8974300D69854 = {
			isa = PBXGroup;
			name = Products;
			sourceTree = "<group>";
			children = (
				D732ADF61AD8974300D69854,
			);
		};
		D732ADF81AD8974300D69854 = {
			isa = PBXGroup;
			path = OpenGLESApp1.iOS;
			sourceTree = "<group>";
			children = (
				D732AE231AD89BDB00D69854,
				D732AE241AD89BDB00D69854,
				D732AE251AD89BDB00D69854,
				D732AE261AD89BDB00D69854,
				D732AE271AD89BDB00D69854,
				D732AE291AD89BDB00D69854,
				D732AE0A1AD8974300D69854,
				D732ADF91AD8974300D69854,
				42abb8d3e7a44665b003a81b,
				b8e19063740144f6bd461774,
			);
		};
		D732ADF91AD8974300D69854 = {
			isa = PBXGroup;
			name = "Supporting Files";
			sourceTree = "<group>";
			children = (
				D732ADFB1AD8974300D69854,
			);
		};
		c997ec1a294b4f7ba7a09d44 = {
			isa = PBXGroup;
			name = NewFilter1;
			sourceTree = "<group>";
			children = (
			);
		};
/* End PBXGroup section */

/* Begin PBXNativeTarget section */
		D732ADF51AD8974300D69854 = {
			isa = PBXNativeTarget;
			buildPhases = (
				D732ADF21AD8974300D69854,
				D732ADF31AD8974300D69854,
				D732ADF41AD8974300D69854,
			);
			dependencies = (
			);
			name = OpenGLESApp1;
			productName = OpenGLESApp1;
			productReference = D732ADF61AD8974300D69854;
			productType = "com.apple.product-type.application";
			buildConfigurationList = D732AE1D1AD8974300D69854;
			buildRules = (
			);
		};
/* End PBXNativeTarget section */

/* Begin PBXProject section */
		D732ADEE1AD8974300D69854 = {
			isa = PBXProject;
			buildConfigurationList = D732ADF11AD8974300D69854;
			compatibilityVersion = "Xcode 3.2";
			developmentRegion = English;
			hasScannedForEncodings = 0;
			knownRegions = (
				en,
				Base,
			);
			mainGroup = D732ADED1AD8974300D69854;
			productRefGroup = D732ADF71AD8974300D69854;
			projectDirPath = "";
			projectReferences = (
				{
					ProductGroup = 1A8A6D051FDB015100BA60D4;
					ProjectRef = 1A8A6D041FDB015100BA60D4;
				},
			);
			attributes = {
				LastUpgradeCheck = 0610;
				TargetAttributes = {
					D732ADF51AD8974300D69854 = {
						CreatedOnToolsVersion = 6.1;
					};
				};
				VC_Properties = {
					VC_Configuration_4de7112a6443cbeadb71140595862a5e = {
					};
					VC_ProjectGuid = A85E8E0A4FFE4EAC874845EC3060F5F0;
					VC_ProjectReferences = {
						"ab5d980d-1ec5-4a99-85c9-f79dd05ba0bb" = "..\\OpenGLESApp1.iOS.StaticLibrary\\OpenGLESApp1.iOS.StaticLibrary.vcxproj";
						ab5d980d-1ec5-4a99-85c9-f79dd05ba0bb = ../OpenGLESApp1.iOS.StaticLibrary/OpenGLESApp1.iOS.StaticLibrary.vcxproj;
					};
				};
			};
			projectRoot = "";
			targets = (
				D732ADF51AD8974300D69854,
			);
		};
/* End PBXProject section */

/* Begin PBXReferenceProxy section */
		1A8A6D091FDB015200BA60D4 = {
			isa = PBXReferenceProxy;
			fileType = archive.ar;
			path = libOpenGLESApp1.iOS.StaticLibrary.a;
			remoteRef = 1A8A6D081FDB015200BA60D4;
			sourceTree = BUILT_PRODUCTS_DIR;
		};
/* End PBXReferenceProxy section */

/* Begin PBXResourcesBuildPhase section */
		D732ADF41AD8974300D69854 = {
			isa = PBXResourcesBuildPhase;
			files = (
				1A8A6CFC1FDADC2E00BA60D4,
				D732AE2B1AD89BDB00D69854,
				D732AE0B1AD8974300D69854,
			);
			buildActionMask = 2147483647;
			runOnlyForDeploymentPostprocessing = 0;
		};
/* End PBXResourcesBuildPhase section */

/* Begin PBXSourcesBuildPhase section */
		D732ADF21AD8974300D69854 = {
			isa = PBXSourcesBuildPhase;
			files = (
				D732AE2A1AD89BDB00D69854,
				D732AE2C1AD89BDB00D69854,
				D732ADFC1AD8974300D69854,
				9dd32958c3bd434999d90aba,
			);
			buildActionMask = 2147483647;
			runOnlyForDeploymentPostprocessing = 0;
		};
/* End PBXSourcesBuildPhase section */

/* Begin XCBuildConfiguration section */
		D732AE1B1AD8974300D69854 = {
			isa = XCBuildConfiguration;
			buildSettings = {
				ALWAYS_SEARCH_USER_PATHS = NO;
				CLANG_CXX_LANGUAGE_STANDARD = "gnu++0x";
				CLANG_CXX_LIBRARY = "libc++";
				CLANG_ENABLE_MODULES = YES;
				CLANG_ENABLE_OBJC_ARC = YES;
				CLANG_WARN_BOOL_CONVERSION = YES;
				CLANG_WARN_CONSTANT_CONVERSION = YES;
				CLANG_WARN_DIRECT_OBJC_ISA_USAGE = YES_ERROR;
				CLANG_WARN_EMPTY_BODY = YES;
				CLANG_WARN_ENUM_CONVERSION = YES;
				CLANG_WARN_INT_CONVERSION = YES;
				CLANG_WARN_OBJC_ROOT_CLASS = YES_ERROR;
				CLANG_WARN_UNREACHABLE_CODE = YES;
				CLANG_WARN__DUPLICATE_METHOD_MATCH = YES;
				"CODE_SIGN_IDENTITY[sdk=iphoneos*]" = "iPhone Developer";
				COPY_PHASE_STRIP = NO;
				ENABLE_STRICT_OBJC_MSGSEND = YES;
				GCC_C_LANGUAGE_STANDARD = gnu99;
				GCC_DYNAMIC_NO_PIC = NO;
				GCC_OPTIMIZATION_LEVEL = 0;
				GCC_PREPROCESSOR_DEFINITIONS = (
					"DEBUG=1",
					"$(inherited)",
				);
				GCC_SYMBOLS_PRIVATE_EXTERN = NO;
				GCC_WARN_64_TO_32_BIT_CONVERSION = YES;
				GCC_WARN_ABOUT_RETURN_TYPE = YES_ERROR;
				GCC_WARN_UNDECLARED_SELECTOR = YES;
				GCC_WARN_UNINITIALIZED_AUTOS = YES_AGGRESSIVE;
				GCC_WARN_UNUSED_FUNCTION = YES;
				GCC_WARN_UNUSED_VARIABLE = YES;
				IPHONEOS_DEPLOYMENT_TARGET = 8.1;
				MTL_ENABLE_DEBUG_INFO = YES;
				ONLY_ACTIVE_ARCH = YES;
				SDKROOT = iphoneos;
				TARGETED_DEVICE_FAMILY = "1,2";
			};
			name = Debug;
			baseConfigurationReference = D732AE291AD89BDB00D69854;
		};
		D732AE1C1AD8974300D69854 = {
			isa = XCBuildConfiguration;
			buildSettings = {
				ALWAYS_SEARCH_USER_PATHS = NO;
				CLANG_CXX_LANGUAGE_STANDARD = "gnu++0x";
				CLANG_CXX_LIBRARY = "libc++";
				CLANG_ENABLE_MODULES = YES;
				CLANG_ENABLE_OBJC_ARC = YES;
				CLANG_WARN_BOOL_CONVERSION = YES;
				CLANG_WARN_CONSTANT_CONVERSION = YES;
				CLANG_WARN_DIRECT_OBJC_ISA_USAGE = YES_ERROR;
				CLANG_WARN_EMPTY_BODY = YES;
				CLANG_WARN_ENUM_CONVERSION = YES;
				CLANG_WARN_INT_CONVERSION = YES;
				CLANG_WARN_OBJC_ROOT_CLASS = YES_ERROR;
				CLANG_WARN_UNREACHABLE_CODE = YES;
				CLANG_WARN__DUPLICATE_METHOD_MATCH = YES;
				"CODE_SIGN_IDENTITY[sdk=iphoneos*]" = "iPhone Developer";
				COPY_PHASE_STRIP = YES;
				ENABLE_NS_ASSERTIONS = NO;
				ENABLE_STRICT_OBJC_MSGSEND = YES;
				GCC_C_LANGUAGE_STANDARD = gnu99;
				GCC_WARN_64_TO_32_BIT_CONVERSION = YES;
				GCC_WARN_ABOUT_RETURN_TYPE = YES_ERROR;
				GCC_WARN_UNDECLARED_SELECTOR = YES;
				GCC_WARN_UNINITIALIZED_AUTOS = YES_AGGRESSIVE;
				GCC_WARN_UNUSED_FUNCTION = YES;
				GCC_WARN_UNUSED_VARIABLE = YES;
				IPHONEOS_DEPLOYMENT_TARGET = 8.1;
				MTL_ENABLE_DEBUG_INFO = NO;
				SDKROOT = iphoneos;
				TARGETED_DEVICE_FAMILY = "1,2";
				VALIDATE_PRODUCT = YES;
			};
			name = Release;
			baseConfigurationReference = D732AE291AD89BDB00D69854;
		};
		D732AE1E1AD8974300D69854 = {
			isa = XCBuildConfiguration;
			buildSettings = {
				ASSETCATALOG_COMPILER_APPICON_NAME = AppIcon;
				FRAMEWORK_SEARCH_PATHS = "";
				GCC_PREPROCESSOR_DEFINITIONS = (
					USEFONT,
					"DEBUG=1",
					"$(inherited)",
				);
				GCC_WARN_INHIBIT_ALL_WARNINGS = YES;
				HEADER_SEARCH_PATHS = (
					../OpenGLESApp1.Shared/game/sound,
					../OpenGLESApp1.Shared/game/zlib,
					../OpenGLESApp1.Shared/game/bulletML,
					../OpenGLESApp1.Shared/game/freetype,
					../OpenGLESApp1.Shared/game/font,
					../OpenGLESApp1.Shared/game/png,
					../OpenGLESApp1.Shared/game,
					../OpenGLESApp1.Shared/game/bulletML/inc,
				);
				INFOPLIST_FILE = OpenGLESApp1.iOS/Info.plist;
				LD_RUNPATH_SEARCH_PATHS = "$(inherited) @executable_path/Frameworks";
				LIBRARY_SEARCH_PATHS = ../../x64;
				OTHER_LDFLAGS = "";
				"OTHER_LDFLAGS[arch=*]" = (
					"-lfreetype-x86_64",
					"-lfmodL_$PLATFORM_NAME",
				);
				PRODUCT_NAME = "$(TARGET_NAME)";
			};
			name = Debug;
		};
		D732AE1F1AD8974300D69854 = {
			isa = XCBuildConfiguration;
			buildSettings = {
				ASSETCATALOG_COMPILER_APPICON_NAME = AppIcon;
				INFOPLIST_FILE = OpenGLESApp1.iOS/Info.plist;
				LD_RUNPATH_SEARCH_PATHS = "$(inherited) @executable_path/Frameworks";
				LIBRARY_SEARCH_PATHS = ../../x64;
				"OTHER_LDFLAGS[arch=*]" = "$(inherited)";
				PRODUCT_NAME = "$(TARGET_NAME)";
			};
			name = Release;
		};
/* End XCBuildConfiguration section */

/* Begin XCConfigurationList section */
		D732ADF11AD8974300D69854 = {
			isa = XCConfigurationList;
			buildConfigurations = (
				D732AE1B1AD8974300D69854,
				D732AE1C1AD8974300D69854,
			);
			defaultConfigurationIsVisible = 0;
			defaultConfigurationName = Debug;
		};
		D732AE1D1AD8974300D69854 = {
			isa = XCConfigurationList;
			buildConfigurations = (
				D732AE1E1AD8974300D69854,
				D732AE1F1AD8974300D69854,
			);
			defaultConfigurationIsVisible = 0;
			defaultConfigurationName = Debug;
		};
/* End XCConfigurationList section */
	};
	rootObject = D732ADEE1AD8974300D69854;
}